
Microsoft Visual Studio Solution File, Format Version 12.00
# Visual Studio Version 17
VisualStudioVersion = 17.14.36705.20 d17.14
MinimumVisualStudioVersion = 10.0.40219.1
Project("{FAE04EC0-301F-11D3-BF4B-00C04F79EFBC}") = "IotManager", "IotManager\IotManager.csproj", "{1BF56D6A-FC3A-45A0-B0EC-70F3DC5A472B}"
EndProject
Global
	GlobalSection(SolutionConfigurationPlatforms) = preSolution
		Debug|Any CPU = Debug|Any CPU
		Release|Any CPU = Release|Any CPU
	EndGlobalSection
	GlobalSection(ProjectConfigurationPlatforms) = postSolution
		{1BF56D6A-FC3A-45A0-B0EC-70F3DC5A472B}.Debug|Any CPU.ActiveCfg = Debug|Any CPU
		{1BF56D6A-FC3A-45A0-B0EC-70F3DC5A472B}.Debug|Any CPU.Build.0 = Debug|Any CPU
		{1BF56D6A-FC3A-45A0-B0EC-70F3DC5A472B}.Release|Any CPU.ActiveCfg = Release|Any CPU
		{1BF56D6A-FC3A-45A0-B0EC-70F3DC5A472B}.Release|Any CPU.Build.0 = Release|Any CPU
	EndGlobalSection
	GlobalSection(SolutionProperties) = preSolution
		HideSolutionNode = FALSE
	EndGlobalSection
	GlobalSection(ExtensibilityGlobals) = postSolution
		SolutionGuid = {61EF3529-224B-46CE-A2C0-47652247FD7E}
	EndGlobalSection
EndGlobal
